
Microsoft Visual Studio Solution File, Format Version 12.00
# Visual Studio Version 17
VisualStudioVersion = 17.9.34728.123
MinimumVisualStudioVersion = 10.0.40219.1
Project("{FAE04EC0-301F-11D3-BF4B-00C04F79EFBC}") = "DotNet7.BasicCalculator", "DotNet7.BasicCalculator\DotNet7.BasicCalculator.csproj", "{A894E6AF-862E-4BAE-AA12-B276883E259D}"
EndProject
Global
	GlobalSection(SolutionConfigurationPlatforms) = preSolution
		Debug|Any CPU = Debug|Any CPU
		Release|Any CPU = Release|Any CPU
	EndGlobalSection
	GlobalSection(ProjectConfigurationPlatforms) = postSolution
		{A894E6AF-862E-4BAE-AA12-B276883E259D}.Debug|Any CPU.ActiveCfg = Debug|Any CPU
		{A894E6AF-862E-4BAE-AA12-B276883E259D}.Debug|Any CPU.Build.0 = Debug|Any CPU
		{A894E6AF-862E-4BAE-AA12-B276883E259D}.Release|Any CPU.ActiveCfg = Release|Any CPU
		{A894E6AF-862E-4BAE-AA12-B276883E259D}.Release|Any CPU.Build.0 = Release|Any CPU
	EndGlobalSection
	GlobalSection(SolutionProperties) = preSolution
		HideSolutionNode = FALSE
	EndGlobalSection
	GlobalSection(ExtensibilityGlobals) = postSolution
		SolutionGuid = {B4C12A69-3B4E-48E9-A0EA-DDD3A5DDD2B4}
	EndGlobalSection
EndGlobal
